
Microsoft Visual Studio Solution File, Format Version 12.00
# Visual Studio 15
VisualStudioVersion = 15.0.27004.2005
MinimumVisualStudioVersion = 15.0.26430.12
Project("{9A19103F-16F7-4668-BE54-9A1E7A4F7556}") = "NServiceBus.NLog", "NServiceBus.NLog\NServiceBus.NLog.csproj", "{E21E4D64-7077-4D6C-81F3-2B6E5CAB9EB1}"
EndProject
Project("{9A19103F-16F7-4668-BE54-9A1E7A4F7556}") = "Tests", "Tests\Tests.csproj", "{451D43A1-F34E-4602-BE3F-573DE833C105}"
EndProject
Project("{2150E333-8FDC-42A3-9474-1A3956D46DE8}") = "Solution Items", "Solution Items", "{6E0490C0-3EAB-43EE-BDB9-F864F445CEA1}"
	ProjectSection(SolutionItems) = preProject
		Directory.Build.props = Directory.Build.props
		..\GitVersion.yml = ..\GitVersion.yml
	EndProjectSection
EndProject
Global
	GlobalSection(SolutionConfigurationPlatforms) = preSolution
		Debug|Any CPU = Debug|Any CPU
		Release|Any CPU = Release|Any CPU
	EndGlobalSection
	GlobalSection(ProjectConfigurationPlatforms) = postSolution
		{E21E4D64-7077-4D6C-81F3-2B6E5CAB9EB1}.Debug|Any CPU.ActiveCfg = Debug|Any CPU
		{E21E4D64-7077-4D6C-81F3-2B6E5CAB9EB1}.Debug|Any CPU.Build.0 = Debug|Any CPU
		{E21E4D64-7077-4D6C-81F3-2B6E5CAB9EB1}.Release|Any CPU.ActiveCfg = Release|Any CPU
		{E21E4D64-7077-4D6C-81F3-2B6E5CAB9EB1}.Release|Any CPU.Build.0 = Release|Any CPU
		{451D43A1-F34E-4602-BE3F-573DE833C105}.Debug|Any CPU.ActiveCfg = Debug|Any CPU
		{451D43A1-F34E-4602-BE3F-573DE833C105}.Debug|Any CPU.Build.0 = Debug|Any CPU
		{451D43A1-F34E-4602-BE3F-573DE833C105}.Release|Any CPU.ActiveCfg = Release|Any CPU
		{451D43A1-F34E-4602-BE3F-573DE833C105}.Release|Any CPU.Build.0 = Release|Any CPU
	EndGlobalSection
	GlobalSection(SolutionProperties) = preSolution
		HideSolutionNode = FALSE
	EndGlobalSection
	GlobalSection(ExtensibilityGlobals) = postSolution
		SolutionGuid = {34557234-F310-4C1B-A9F9-2FDBA90817A7}
	EndGlobalSection
EndGlobal
