
Microsoft Visual Studio Solution File, Format Version 12.00
# Visual Studio 15
VisualStudioVersion = 15.0.26430.12
MinimumVisualStudioVersion = 15.0.26430.12
Project("{9A19103F-16F7-4668-BE54-9A1E7A4F7556}") = "NServiceBus.NLog", "NServiceBus.NLog\NServiceBus.NLog.csproj", "{E21E4D64-7077-4D6C-81F3-2B6E5CAB9EB1}"
EndProject
Project("{9A19103F-16F7-4668-BE54-9A1E7A4F7556}") = "Sample", "Sample\Sample.csproj", "{A2B73F45-B06F-4D97-A6D3-F02669FE8F1B}"
EndProject
Project("{9A19103F-16F7-4668-BE54-9A1E7A4F7556}") = "Tests", "Tests\Tests.csproj", "{451D43A1-F34E-4602-BE3F-573DE833C105}"
EndProject
Global
	GlobalSection(SolutionConfigurationPlatforms) = preSolution
		Debug|Any CPU = Debug|Any CPU
		Release|Any CPU = Release|Any CPU
	EndGlobalSection
	GlobalSection(ProjectConfigurationPlatforms) = postSolution
		{E21E4D64-7077-4D6C-81F3-2B6E5CAB9EB1}.Debug|Any CPU.ActiveCfg = Debug|Any CPU
		{E21E4D64-7077-4D6C-81F3-2B6E5CAB9EB1}.Debug|Any CPU.Build.0 = Debug|Any CPU
		{E21E4D64-7077-4D6C-81F3-2B6E5CAB9EB1}.Release|Any CPU.ActiveCfg = Release|Any CPU
		{E21E4D64-7077-4D6C-81F3-2B6E5CAB9EB1}.Release|Any CPU.Build.0 = Release|Any CPU
		{A2B73F45-B06F-4D97-A6D3-F02669FE8F1B}.Debug|Any CPU.ActiveCfg = Debug|Any CPU
		{A2B73F45-B06F-4D97-A6D3-F02669FE8F1B}.Debug|Any CPU.Build.0 = Debug|Any CPU
		{A2B73F45-B06F-4D97-A6D3-F02669FE8F1B}.Release|Any CPU.ActiveCfg = Release|Any CPU
		{A2B73F45-B06F-4D97-A6D3-F02669FE8F1B}.Release|Any CPU.Build.0 = Release|Any CPU
		{451D43A1-F34E-4602-BE3F-573DE833C105}.Debug|Any CPU.ActiveCfg = Debug|Any CPU
		{451D43A1-F34E-4602-BE3F-573DE833C105}.Debug|Any CPU.Build.0 = Debug|Any CPU
		{451D43A1-F34E-4602-BE3F-573DE833C105}.Release|Any CPU.ActiveCfg = Release|Any CPU
		{451D43A1-F34E-4602-BE3F-573DE833C105}.Release|Any CPU.Build.0 = Release|Any CPU
	EndGlobalSection
	GlobalSection(SolutionProperties) = preSolution
		HideSolutionNode = FALSE
	EndGlobalSection
EndGlobal
